
Microsoft Visual Studio Solution File, Format Version 12.00
# Visual Studio Version 17
VisualStudioVersion = 17.0.31903.59
MinimumVisualStudioVersion = 10.0.40219.1
Project("{FAE04EC0-301F-11D3-BF4B-00C04F79EFBC}") = "Domain", "Domain\Domain.csproj", "{DF59A617-4711-4AFE-B05A-4369D92CFC76}"
EndProject
Project("{FAE04EC0-301F-11D3-BF4B-00C04F79EFBC}") = "Application", "Application\Application.csproj", "{327EFE58-FD61-46D6-A9B4-4607D3EE3C74}"
EndProject
Project("{FAE04EC0-301F-11D3-BF4B-00C04F79EFBC}") = "Infrastructure", "Infrastructure\Infrastructure.csproj", "{A739213D-F000-4B78-B4AB-50783C158FDA}"
EndProject
Project("{FAE04EC0-301F-11D3-BF4B-00C04F79EFBC}") = "Presentation", "Presentation\Presentation.csproj", "{7863544D-A638-4873-85BE-AD660F63056B}"
EndProject
Global
	GlobalSection(SolutionConfigurationPlatforms) = preSolution
		Debug|Any CPU = Debug|Any CPU
		Release|Any CPU = Release|Any CPU
	EndGlobalSection
	GlobalSection(SolutionProperties) = preSolution
		HideSolutionNode = FALSE
	EndGlobalSection
	GlobalSection(ProjectConfigurationPlatforms) = postSolution
		{DF59A617-4711-4AFE-B05A-4369D92CFC76}.Debug|Any CPU.ActiveCfg = Debug|Any CPU
		{DF59A617-4711-4AFE-B05A-4369D92CFC76}.Debug|Any CPU.Build.0 = Debug|Any CPU
		{DF59A617-4711-4AFE-B05A-4369D92CFC76}.Release|Any CPU.ActiveCfg = Release|Any CPU
		{DF59A617-4711-4AFE-B05A-4369D92CFC76}.Release|Any CPU.Build.0 = Release|Any CPU
		{327EFE58-FD61-46D6-A9B4-4607D3EE3C74}.Debug|Any CPU.ActiveCfg = Debug|Any CPU
		{327EFE58-FD61-46D6-A9B4-4607D3EE3C74}.Debug|Any CPU.Build.0 = Debug|Any CPU
		{327EFE58-FD61-46D6-A9B4-4607D3EE3C74}.Release|Any CPU.ActiveCfg = Release|Any CPU
		{327EFE58-FD61-46D6-A9B4-4607D3EE3C74}.Release|Any CPU.Build.0 = Release|Any CPU
		{A739213D-F000-4B78-B4AB-50783C158FDA}.Debug|Any CPU.ActiveCfg = Debug|Any CPU
		{A739213D-F000-4B78-B4AB-50783C158FDA}.Debug|Any CPU.Build.0 = Debug|Any CPU
		{A739213D-F000-4B78-B4AB-50783C158FDA}.Release|Any CPU.ActiveCfg = Release|Any CPU
		{A739213D-F000-4B78-B4AB-50783C158FDA}.Release|Any CPU.Build.0 = Release|Any CPU
		{7863544D-A638-4873-85BE-AD660F63056B}.Debug|Any CPU.ActiveCfg = Debug|Any CPU
		{7863544D-A638-4873-85BE-AD660F63056B}.Debug|Any CPU.Build.0 = Debug|Any CPU
		{7863544D-A638-4873-85BE-AD660F63056B}.Release|Any CPU.ActiveCfg = Release|Any CPU
		{7863544D-A638-4873-85BE-AD660F63056B}.Release|Any CPU.Build.0 = Release|Any CPU
	EndGlobalSection
EndGlobal
